
Microsoft Visual Studio Solution File, Format Version 12.00
# Visual Studio Version 16
VisualStudioVersion = 16.0.30114.105
MinimumVisualStudioVersion = 10.0.40219.1
Project("{F2A71F9B-5D33-465A-A702-920D77279786}") = "Utils.Fs", "Utils.Fs\Utils.Fs.fsproj", "{A7789CDF-0D13-4F04-A80F-2F644A7E03B2}"
EndProject
Project("{F2A71F9B-5D33-465A-A702-920D77279786}") = "Utils.Fs.Test", "Utils.Fs.Test\Utils.Fs.Test.fsproj", "{8868F5D0-789A-4D8C-81CD-484503F22CF6}"
EndProject
Global
	GlobalSection(SolutionConfigurationPlatforms) = preSolution
		Debug|Any CPU = Debug|Any CPU
		Release|Any CPU = Release|Any CPU
	EndGlobalSection
	GlobalSection(SolutionProperties) = preSolution
		HideSolutionNode = FALSE
	EndGlobalSection
	GlobalSection(ProjectConfigurationPlatforms) = postSolution
		{A7789CDF-0D13-4F04-A80F-2F644A7E03B2}.Debug|Any CPU.ActiveCfg = Debug|Any CPU
		{A7789CDF-0D13-4F04-A80F-2F644A7E03B2}.Debug|Any CPU.Build.0 = Debug|Any CPU
		{A7789CDF-0D13-4F04-A80F-2F644A7E03B2}.Release|Any CPU.ActiveCfg = Release|Any CPU
		{A7789CDF-0D13-4F04-A80F-2F644A7E03B2}.Release|Any CPU.Build.0 = Release|Any CPU
		{8868F5D0-789A-4D8C-81CD-484503F22CF6}.Debug|Any CPU.ActiveCfg = Debug|Any CPU
		{8868F5D0-789A-4D8C-81CD-484503F22CF6}.Debug|Any CPU.Build.0 = Debug|Any CPU
		{8868F5D0-789A-4D8C-81CD-484503F22CF6}.Release|Any CPU.ActiveCfg = Release|Any CPU
		{8868F5D0-789A-4D8C-81CD-484503F22CF6}.Release|Any CPU.Build.0 = Release|Any CPU
	EndGlobalSection
EndGlobal
